
Microsoft Visual Studio Solution File, Format Version 12.00
# Visual Studio Version 17
VisualStudioVersion = 17.14.36202.13 d17.14
MinimumVisualStudioVersion = 10.0.40219.1
Project("{FAE04EC0-301F-11D3-BF4B-00C04F79EFBC}") = "Service-1", "Service-1\Service-1.csproj", "{2D471BE5-8D20-4101-966E-1FBD03ADB14A}"
EndProject
Project("{FAE04EC0-301F-11D3-BF4B-00C04F79EFBC}") = "Service-2", "Service-2\Service-2.csproj", "{462FDF0D-7798-4EBC-9266-61D4AB011B52}"
EndProject
Project("{FAE04EC0-301F-11D3-BF4B-00C04F79EFBC}") = "Service-3", "Service-3\Service-3.csproj", "{059C94E8-66AF-4F4B-ABD4-20300626B3E6}"
EndProject
Global
	GlobalSection(SolutionConfigurationPlatforms) = preSolution
		Debug|Any CPU = Debug|Any CPU
		Release|Any CPU = Release|Any CPU
	EndGlobalSection
	GlobalSection(ProjectConfigurationPlatforms) = postSolution
		{2D471BE5-8D20-4101-966E-1FBD03ADB14A}.Debug|Any CPU.ActiveCfg = Debug|Any CPU
		{2D471BE5-8D20-4101-966E-1FBD03ADB14A}.Debug|Any CPU.Build.0 = Debug|Any CPU
		{2D471BE5-8D20-4101-966E-1FBD03ADB14A}.Release|Any CPU.ActiveCfg = Release|Any CPU
		{2D471BE5-8D20-4101-966E-1FBD03ADB14A}.Release|Any CPU.Build.0 = Release|Any CPU
		{462FDF0D-7798-4EBC-9266-61D4AB011B52}.Debug|Any CPU.ActiveCfg = Debug|Any CPU
		{462FDF0D-7798-4EBC-9266-61D4AB011B52}.Debug|Any CPU.Build.0 = Debug|Any CPU
		{462FDF0D-7798-4EBC-9266-61D4AB011B52}.Release|Any CPU.ActiveCfg = Release|Any CPU
		{462FDF0D-7798-4EBC-9266-61D4AB011B52}.Release|Any CPU.Build.0 = Release|Any CPU
		{059C94E8-66AF-4F4B-ABD4-20300626B3E6}.Debug|Any CPU.ActiveCfg = Debug|Any CPU
		{059C94E8-66AF-4F4B-ABD4-20300626B3E6}.Debug|Any CPU.Build.0 = Debug|Any CPU
		{059C94E8-66AF-4F4B-ABD4-20300626B3E6}.Release|Any CPU.ActiveCfg = Release|Any CPU
		{059C94E8-66AF-4F4B-ABD4-20300626B3E6}.Release|Any CPU.Build.0 = Release|Any CPU
	EndGlobalSection
	GlobalSection(SolutionProperties) = preSolution
		HideSolutionNode = FALSE
	EndGlobalSection
	GlobalSection(ExtensibilityGlobals) = postSolution
		SolutionGuid = {C4AC1BD4-BA4F-4233-AF27-53E4EAE1982E}
	EndGlobalSection
EndGlobal
