
Microsoft Visual Studio Solution File, Format Version 12.00
# Visual Studio Version 17
VisualStudioVersion = 17.14.36301.6 d17.14
MinimumVisualStudioVersion = 10.0.40219.1
Project("{FAE04EC0-301F-11D3-BF4B-00C04F79EFBC}") = "Order-API", "Order-API\Order-API.csproj", "{A8956AE5-67EB-4F9D-A417-9B5939EAA628}"
EndProject
Project("{FAE04EC0-301F-11D3-BF4B-00C04F79EFBC}") = "Payment-API", "Payment-API\Payment-API.csproj", "{2BFDE626-1D98-4C78-805D-4DD79BFE5882}"
EndProject
Project("{FAE04EC0-301F-11D3-BF4B-00C04F79EFBC}") = "Stock-API", "Stock-API\Stock-API.csproj", "{C68D80D5-96FB-48C7-9CD1-EADA50EB7854}"
EndProject
Project("{FAE04EC0-301F-11D3-BF4B-00C04F79EFBC}") = "Shared", "Shared\Shared.csproj", "{FAF450AB-7D80-467D-BE35-11600F4887EE}"
EndProject
Project("{FAE04EC0-301F-11D3-BF4B-00C04F79EFBC}") = "SagaStateMachine", "SagaStateMachine\SagaStateMachine.csproj", "{71F619A7-B4B1-41C1-9A69-71CE48D10E5E}"
EndProject
Global
	GlobalSection(SolutionConfigurationPlatforms) = preSolution
		Debug|Any CPU = Debug|Any CPU
		Release|Any CPU = Release|Any CPU
	EndGlobalSection
	GlobalSection(ProjectConfigurationPlatforms) = postSolution
		{A8956AE5-67EB-4F9D-A417-9B5939EAA628}.Debug|Any CPU.ActiveCfg = Debug|Any CPU
		{A8956AE5-67EB-4F9D-A417-9B5939EAA628}.Debug|Any CPU.Build.0 = Debug|Any CPU
		{A8956AE5-67EB-4F9D-A417-9B5939EAA628}.Release|Any CPU.ActiveCfg = Release|Any CPU
		{A8956AE5-67EB-4F9D-A417-9B5939EAA628}.Release|Any CPU.Build.0 = Release|Any CPU
		{2BFDE626-1D98-4C78-805D-4DD79BFE5882}.Debug|Any CPU.ActiveCfg = Debug|Any CPU
		{2BFDE626-1D98-4C78-805D-4DD79BFE5882}.Debug|Any CPU.Build.0 = Debug|Any CPU
		{2BFDE626-1D98-4C78-805D-4DD79BFE5882}.Release|Any CPU.ActiveCfg = Release|Any CPU
		{2BFDE626-1D98-4C78-805D-4DD79BFE5882}.Release|Any CPU.Build.0 = Release|Any CPU
		{C68D80D5-96FB-48C7-9CD1-EADA50EB7854}.Debug|Any CPU.ActiveCfg = Debug|Any CPU
		{C68D80D5-96FB-48C7-9CD1-EADA50EB7854}.Debug|Any CPU.Build.0 = Debug|Any CPU
		{C68D80D5-96FB-48C7-9CD1-EADA50EB7854}.Release|Any CPU.ActiveCfg = Release|Any CPU
		{C68D80D5-96FB-48C7-9CD1-EADA50EB7854}.Release|Any CPU.Build.0 = Release|Any CPU
		{FAF450AB-7D80-467D-BE35-11600F4887EE}.Debug|Any CPU.ActiveCfg = Debug|Any CPU
		{FAF450AB-7D80-467D-BE35-11600F4887EE}.Debug|Any CPU.Build.0 = Debug|Any CPU
		{FAF450AB-7D80-467D-BE35-11600F4887EE}.Release|Any CPU.ActiveCfg = Release|Any CPU
		{FAF450AB-7D80-467D-BE35-11600F4887EE}.Release|Any CPU.Build.0 = Release|Any CPU
		{71F619A7-B4B1-41C1-9A69-71CE48D10E5E}.Debug|Any CPU.ActiveCfg = Debug|Any CPU
		{71F619A7-B4B1-41C1-9A69-71CE48D10E5E}.Debug|Any CPU.Build.0 = Debug|Any CPU
		{71F619A7-B4B1-41C1-9A69-71CE48D10E5E}.Release|Any CPU.ActiveCfg = Release|Any CPU
		{71F619A7-B4B1-41C1-9A69-71CE48D10E5E}.Release|Any CPU.Build.0 = Release|Any CPU
	EndGlobalSection
	GlobalSection(SolutionProperties) = preSolution
		HideSolutionNode = FALSE
	EndGlobalSection
	GlobalSection(ExtensibilityGlobals) = postSolution
		SolutionGuid = {625BD0EF-7805-490E-B64B-B4C24E96A3B8}
	EndGlobalSection
EndGlobal
